<?xml version="1.0" encoding="utf-8"?>
<Project ToolsVersion="4.0" xmlns="http://schemas.microsoft.com/developer/msbuild/2003">
  <ItemGroup>
    <Filter Include="res">
      <UniqueIdentifier>{4FA5880B-BBAE-887C-442A-9F7CB032947C}</UniqueIdentifier>
    </Filter>
    <Filter Include="res\fonts">
      <UniqueIdentifier>{E81E0011-5489-B487-9DC7-652D097192DC}</UniqueIdentifier>
    </Filter>
    <Filter Include="res\shaders">
      <UniqueIdentifier>{4841F028-B4F6-681E-3DEB-62F5A99F5F22}</UniqueIdentifier>
    </Filter>
    <Filter Include="src">
      <UniqueIdentifier>{2DAB880B-99B4-887C-2230-9F7C8E38947C}</UniqueIdentifier>
    </Filter>
    <Filter Include="src\Application">
      <UniqueIdentifier>{701253C7-DC9D-C08B-E5AE-438051B91C8C}</UniqueIdentifier>
    </Filter>
    <Filter Include="src\Ignis">
      <UniqueIdentifier>{36681FB3-A2D2-D329-EB10-85CF57BAB17E}</UniqueIdentifier>
    </Filter>
    <Filter Include="src\Ignis\Core">
      <UniqueIdentifier>{4E1E7098-3AEC-639E-2380-D4C40FED3F03}</UniqueIdentifier>
    </Filter>
    <Filter Include="src\Ignis\glad">
      <UniqueIdentifier>{FDCC8398-E99A-779E-D22E-E8C4BE9B5303}</UniqueIdentifier>
    </Filter>
    <Filter Include="src\Ignis\glad\KHR">
      <UniqueIdentifier>{F111879F-DDF5-47F5-4656-424832593277}</UniqueIdentifier>
    </Filter>
    <Filter Include="src\Ignis\stb">
      <UniqueIdentifier>{8E518088-FA11-FCBE-C34C-453C2FCC409B}</UniqueIdentifier>
    </Filter>
    <Filter Include="src\front">
      <UniqueIdentifier>{E53B32B5-51A6-E62B-9AE4-97D1068EC480}</UniqueIdentifier>
    </Filter>
    <Filter Include="src\memory">
      <UniqueIdentifier>{1582E16A-013A-23B8-6A41-FC135618BEA8}</UniqueIdentifier>
    </Filter>
    <Filter Include="src\toolbox">
      <UniqueIdentifier>{434B5FF9-AF00-D8EE-38F5-D1C5A4A9CEF2}</UniqueIdentifier>
    </Filter>
  </ItemGroup>
  <ItemGroup>
    <ClInclude Include="src\Application\Application.h">
      <Filter>src\Application</Filter>
    </ClInclude>
    <ClInclude Include="src\Application\ApplicationCallback.h">
      <Filter>src\Application</Filter>
    </ClInclude>
    <ClInclude Include="src\Application\Event.h">
      <Filter>src\Application</Filter>
    </ClInclude>
    <ClInclude Include="src\Application\EventHandler.h">
      <Filter>src\Application</Filter>
    </ClInclude>
    <ClInclude Include="src\Application\Input.h">
      <Filter>src\Application</Filter>
    </ClInclude>
    <ClInclude Include="src\Application\Logger.h">
      <Filter>src\Application</Filter>
    </ClInclude>
    <ClInclude Include="src\Application\Timer.h">
      <Filter>src\Application</Filter>
    </ClInclude>
    <ClInclude Include="src\Ignis\Core\Buffer.h">
      <Filter>src\Ignis\Core</Filter>
    </ClInclude>
    <ClInclude Include="src\Ignis\Core\Shader.h">
      <Filter>src\Ignis\Core</Filter>
    </ClInclude>
    <ClInclude Include="src\Ignis\Core\Texture.h">
      <Filter>src\Ignis\Core</Filter>
    </ClInclude>
    <ClInclude Include="src\Ignis\Ignis.h">
      <Filter>src\Ignis</Filter>
    </ClInclude>
    <ClInclude Include="src\Ignis\VertexArray.h">
      <Filter>src\Ignis</Filter>
    </ClInclude>
    <ClInclude Include="src\Ignis\glad\KHR\khrplatform.h">
      <Filter>src\Ignis\glad\KHR</Filter>
    </ClInclude>
    <ClInclude Include="src\Ignis\glad\glad.h">
      <Filter>src\Ignis\glad</Filter>
    </ClInclude>
    <ClInclude Include="src\Ignis\stb\stb_image.h">
      <Filter>src\Ignis\stb</Filter>
    </ClInclude>
    <ClInclude Include="src\Ignis\stb\stb_truetype.h">
      <Filter>src\Ignis\stb</Filter>
    </ClInclude>
    <ClInclude Include="src\front\font.h">
      <Filter>src\front</Filter>
    </ClInclude>
    <ClInclude Include="src\front\renderer.h">
      <Filter>src\front</Filter>
    </ClInclude>
    <ClInclude Include="src\memory\arena.h">
      <Filter>src\memory</Filter>
    </ClInclude>
    <ClInclude Include="src\toolbox\tb_file.h">
      <Filter>src\toolbox</Filter>
    </ClInclude>
    <ClInclude Include="src\toolbox\tb_hashmap.h">
      <Filter>src\toolbox</Filter>
    </ClInclude>
    <ClInclude Include="src\toolbox\tb_json.h">
      <Filter>src\toolbox</Filter>
    </ClInclude>
    <ClInclude Include="src\toolbox\tb_jwrite.h">
      <Filter>src\toolbox</Filter>
    </ClInclude>
    <ClInclude Include="src\toolbox\tb_str.h">
      <Filter>src\toolbox</Filter>
    </ClInclude>
    <ClInclude Include="src\toolbox\tb_stretchy.h">
      <Filter>src\toolbox</Filter>
    </ClInclude>
    <ClInclude Include="src\toolbox\toolbox.h">
      <Filter>src\toolbox</Filter>
    </ClInclude>
  </ItemGroup>
  <ItemGroup>
    <ClCompile Include="src\Application\Application.c">
      <Filter>src\Application</Filter>
    </ClCompile>
    <ClCompile Include="src\Application\ApplicationCallback.c">
      <Filter>src\Application</Filter>
    </ClCompile>
    <ClCompile Include="src\Application\Event.c">
      <Filter>src\Application</Filter>
    </ClCompile>
    <ClCompile Include="src\Application\EventHandler.c">
      <Filter>src\Application</Filter>
    </ClCompile>
    <ClCompile Include="src\Application\Input.c">
      <Filter>src\Application</Filter>
    </ClCompile>
    <ClCompile Include="src\Application\Logger.c">
      <Filter>src\Application</Filter>
    </ClCompile>
    <ClCompile Include="src\Application\Timer.c">
      <Filter>src\Application</Filter>
    </ClCompile>
    <ClCompile Include="src\Ignis\Core\Buffer.c">
      <Filter>src\Ignis\Core</Filter>
    </ClCompile>
    <ClCompile Include="src\Ignis\Core\Shader.c">
      <Filter>src\Ignis\Core</Filter>
    </ClCompile>
    <ClCompile Include="src\Ignis\Core\Texture.c">
      <Filter>src\Ignis\Core</Filter>
    </ClCompile>
    <ClCompile Include="src\Ignis\Ignis.c">
      <Filter>src\Ignis</Filter>
    </ClCompile>
    <ClCompile Include="src\Ignis\VertexArray.c">
      <Filter>src\Ignis</Filter>
    </ClCompile>
    <ClCompile Include="src\Ignis\glad\glad.c">
      <Filter>src\Ignis\glad</Filter>
    </ClCompile>
    <ClCompile Include="src\front\font.c">
      <Filter>src\front</Filter>
    </ClCompile>
    <ClCompile Include="src\front\renderer.c">
      <Filter>src\front</Filter>
    </ClCompile>
    <ClCompile Include="src\main.c">
      <Filter>src</Filter>
    </ClCompile>
    <ClCompile Include="src\memory\arena.c">
      <Filter>src\memory</Filter>
    </ClCompile>
    <ClCompile Include="src\toolbox\tb_file.c">
      <Filter>src\toolbox</Filter>
    </ClCompile>
    <ClCompile Include="src\toolbox\tb_hashmap.c">
      <Filter>src\toolbox</Filter>
    </ClCompile>
    <ClCompile Include="src\toolbox\tb_json.c">
      <Filter>src\toolbox</Filter>
    </ClCompile>
    <ClCompile Include="src\toolbox\tb_jwrite.c">
      <Filter>src\toolbox</Filter>
    </ClCompile>
    <ClCompile Include="src\toolbox\tb_str.c">
      <Filter>src\toolbox</Filter>
    </ClCompile>
    <ClCompile Include="src\toolbox\toolbox.c">
      <Filter>src\toolbox</Filter>
    </ClCompile>
  </ItemGroup>
  <ItemGroup>
    <None Include="config.ini" />
    <None Include="config.json" />
    <None Include="res\fonts.json">
      <Filter>res</Filter>
    </None>
    <None Include="res\fonts\OpenSans.ttf">
      <Filter>res\fonts</Filter>
    </None>
    <None Include="res\fonts\ProggyTiny.ttf">
      <Filter>res\fonts</Filter>
    </None>
    <None Include="res\shaders\font.frag">
      <Filter>res\shaders</Filter>
    </None>
    <None Include="res\shaders\font.vert">
      <Filter>res\shaders</Filter>
    </None>
  </ItemGroup>
</Project>